
Microsoft Visual Studio Solution File, Format Version 12.00
# Visual Studio 2013
VisualStudioVersion = 12.0.30110.0
MinimumVisualStudioVersion = 10.0.40219.1
Project("{FAE04EC0-301F-11D3-BF4B-00C04F79EFBC}") = "CustomOffice365OWA", "CustomOffice365OWA\CustomOffice365OWA.csproj", "{AE50EFEF-9CE0-4FA8-880A-ACF2A31DCBAC}"
EndProject
Project("{2150E333-8FDC-42A3-9474-1A3956D46DE8}") = "Solution Items", "Solution Items", "{E18E5EBE-09F3-4394-99BB-8740C8475A48}"
	ProjectSection(SolutionItems) = preProject
		.gitattributes = .gitattributes
		.gitignore = .gitignore
	EndProjectSection
EndProject
Global
	GlobalSection(SolutionConfigurationPlatforms) = preSolution
		Debug|Any CPU = Debug|Any CPU
		Release|Any CPU = Release|Any CPU
	EndGlobalSection
	GlobalSection(ProjectConfigurationPlatforms) = postSolution
		{AE50EFEF-9CE0-4FA8-880A-ACF2A31DCBAC}.Debug|Any CPU.ActiveCfg = Debug|Any CPU
		{AE50EFEF-9CE0-4FA8-880A-ACF2A31DCBAC}.Debug|Any CPU.Build.0 = Debug|Any CPU
		{AE50EFEF-9CE0-4FA8-880A-ACF2A31DCBAC}.Release|Any CPU.ActiveCfg = Release|Any CPU
		{AE50EFEF-9CE0-4FA8-880A-ACF2A31DCBAC}.Release|Any CPU.Build.0 = Release|Any CPU
	EndGlobalSection
	GlobalSection(SolutionProperties) = preSolution
		HideSolutionNode = FALSE
	EndGlobalSection
EndGlobal
